// !$*UTF8*$!
{
	archiveVersion = 1;
	classes = {
	};
	objectVersion = 46;
	objects = {

/* Begin PBXBuildFile section */
		3EE7C7C81E74A1EF003FB44B /* AppDelegate.swift in Sources */ = {isa = PBXBuildFile; fileRef = 3EE7C7C71E74A1EF003FB44B /* AppDelegate.swift */; };
		3EE7C7CA1E74A1EF003FB44B /* ViewController.swift in Sources */ = {isa = PBXBuildFile; fileRef = 3EE7C7C91E74A1EF003FB44B /* ViewController.swift */; };
		3EE7C7CD1E74A1EF003FB44B /* Main.storyboard in Resources */ = {isa = PBXBuildFile; fileRef = 3EE7C7CB1E74A1EF003FB44B /* Main.storyboard */; };
		3EE7C7CF1E74A1EF003FB44B /* Assets.xcassets in Resources */ = {isa = PBXBuildFile; fileRef = 3EE7C7CE1E74A1EF003FB44B /* Assets.xcassets */; };
		3EE7C7D21E74A1EF003FB44B /* LaunchScreen.storyboard in Resources */ = {isa = PBXBuildFile; fileRef = 3EE7C7D01E74A1EF003FB44B /* LaunchScreen.storyboard */; };
		3EE7C7DA1E74A590003FB44B /* HeaderFooterView.swift in Sources */ = {isa = PBXBuildFile; fileRef = 3EE7C7D91E74A590003FB44B /* HeaderFooterView.swift */; };
		3EE7C7DD1E74A6FB003FB44B /* ConsoleCell.swift in Sources */ = {isa = PBXBuildFile; fileRef = 3EE7C7DB1E74A6FB003FB44B /* ConsoleCell.swift */; };
		3EE7C7DE1E74A6FB003FB44B /* ConsoleCell.xib in Resources */ = {isa = PBXBuildFile; fileRef = 3EE7C7DC1E74A6FB003FB44B /* ConsoleCell.xib */; };
/* End PBXBuildFile section */

/* Begin PBXFileReference section */
		3EE7C7C41E74A1EF003FB44B /* Consoles.app */ = {isa = PBXFileReference; explicitFileType = wrapper.application; includeInIndex = 0; path = Consoles.app; sourceTree = BUILT_PRODUCTS_DIR; };
		3EE7C7C71E74A1EF003FB44B /* AppDelegate.swift */ = {isa = PBXFileReference; lastKnownFileType = sourcecode.swift; path = AppDelegate.swift; sourceTree = "<group>"; };
		3EE7C7C91E74A1EF003FB44B /* ViewController.swift */ = {isa = PBXFileReference; lastKnownFileType = sourcecode.swift; path = ViewController.swift; sourceTree = "<group>"; };
		3EE7C7CC1E74A1EF003FB44B /* Base */ = {isa = PBXFileReference; lastKnownFileType = file.storyboard; name = Base; path = Base.lproj/Main.storyboard; sourceTree = "<group>"; };
		3EE7C7CE1E74A1EF003FB44B /* Assets.xcassets */ = {isa = PBXFileReference; lastKnownFileType = folder.assetcatalog; path = Assets.xcassets; sourceTree = "<group>"; };
		3EE7C7D11E74A1EF003FB44B /* Base */ = {isa = PBXFileReference; lastKnownFileType = file.storyboard; name = Base; path = Base.lproj/LaunchScreen.storyboard; sourceTree = "<group>"; };
		3EE7C7D31E74A1EF003FB44B /* Info.plist */ = {isa = PBXFileReference; lastKnownFileType = text.plist.xml; path = Info.plist; sourceTree = "<group>"; };
		3EE7C7D91E74A590003FB44B /* HeaderFooterView.swift */ = {isa = PBXFileReference; fileEncoding = 4; lastKnownFileType = sourcecode.swift; path = HeaderFooterView.swift; sourceTree = "<group>"; };
		3EE7C7DB1E74A6FB003FB44B /* ConsoleCell.swift */ = {isa = PBXFileReference; fileEncoding = 4; lastKnownFileType = sourcecode.swift; path = ConsoleCell.swift; sourceTree = "<group>"; };
		3EE7C7DC1E74A6FB003FB44B /* ConsoleCell.xib */ = {isa = PBXFileReference; fileEncoding = 4; lastKnownFileType = file.xib; path = ConsoleCell.xib; sourceTree = "<group>"; };
/* End PBXFileReference section */

/* Begin PBXFrameworksBuildPhase section */
		3EE7C7C11E74A1EF003FB44B /* Frameworks */ = {
			isa = PBXFrameworksBuildPhase;
			buildActionMask = 2147483647;
			files = (
			);
			runOnlyForDeploymentPostprocessing = 0;
		};
/* End PBXFrameworksBuildPhase section */

/* Begin PBXGroup section */
		3EE7C7BB1E74A1EF003FB44B = {
			isa = PBXGroup;
			children = (
				3EE7C7C61E74A1EF003FB44B /* Consoles */,
				3EE7C7C51E74A1EF003FB44B /* Products */,
			);
			sourceTree = "<group>";
		};
		3EE7C7C51E74A1EF003FB44B /* Products */ = {
			isa = PBXGroup;
			children = (
				3EE7C7C41E74A1EF003FB44B /* Consoles.app */,
			);
			name = Products;
			sourceTree = "<group>";
		};
		3EE7C7C61E74A1EF003FB44B /* Consoles */ = {
			isa = PBXGroup;
			children = (
				3EE7C7C71E74A1EF003FB44B /* AppDelegate.swift */,
				3EE7C7C91E74A1EF003FB44B /* ViewController.swift */,
				3EE7C7CB1E74A1EF003FB44B /* Main.storyboard */,
				3EE7C7CE1E74A1EF003FB44B /* Assets.xcassets */,
				3EE7C7D01E74A1EF003FB44B /* LaunchScreen.storyboard */,
				3EE7C7D31E74A1EF003FB44B /* Info.plist */,
				3EE7C7D91E74A590003FB44B /* HeaderFooterView.swift */,
				3EE7C7DB1E74A6FB003FB44B /* ConsoleCell.swift */,
				3EE7C7DC1E74A6FB003FB44B /* ConsoleCell.xib */,
			);
			path = Consoles;
			sourceTree = "<group>";
		};
/* End PBXGroup section */

/* Begin PBXNativeTarget section */
		3EE7C7C31E74A1EF003FB44B /* Consoles */ = {
			isa = PBXNativeTarget;
			buildConfigurationList = 3EE7C7D61E74A1EF003FB44B /* Build configuration list for PBXNativeTarget "Consoles" */;
			buildPhases = (
				3EE7C7C01E74A1EF003FB44B /* Sources */,
				3EE7C7C11E74A1EF003FB44B /* Frameworks */,
				3EE7C7C21E74A1EF003FB44B /* Resources */,
			);
			buildRules = (
			);
			dependencies = (
			);
			name = Consoles;
			productName = Consoles;
			productReference = 3EE7C7C41E74A1EF003FB44B /* Consoles.app */;
			productType = "com.apple.product-type.application";
		};
/* End PBXNativeTarget section */

/* Begin PBXProject section */
		3EE7C7BC1E74A1EF003FB44B /* Project object */ = {
			isa = PBXProject;
			attributes = {
				LastSwiftUpdateCheck = 0820;
				LastUpgradeCheck = 0820;
				ORGANIZATIONNAME = nextu;
				TargetAttributes = {
					3EE7C7C31E74A1EF003FB44B = {
						CreatedOnToolsVersion = 8.2.1;
						ProvisioningStyle = Automatic;
					};
				};
			};
			buildConfigurationList = 3EE7C7BF1E74A1EF003FB44B /* Build configuration list for PBXProject "Consoles" */;
			compatibilityVersion = "Xcode 3.2";
			developmentRegion = English;
			hasScannedForEncodings = 0;
			knownRegions = (
				en,
				Base,
			);
			mainGroup = 3EE7C7BB1E74A1EF003FB44B;
			productRefGroup = 3EE7C7C51E74A1EF003FB44B /* Products */;
			projectDirPath = "";
			projectRoot = "";
			targets = (
				3EE7C7C31E74A1EF003FB44B /* Consoles */,
			);
		};
/* End PBXProject section */

/* Begin PBXResourcesBuildPhase section */
		3EE7C7C21E74A1EF003FB44B /* Resources */ = {
			isa = PBXResourcesBuildPhase;
			buildActionMask = 2147483647;
			files = (
				3EE7C7D21E74A1EF003FB44B /* LaunchScreen.storyboard in Resources */,
				3EE7C7CF1E74A1EF003FB44B /* Assets.xcassets in Resources */,
				3EE7C7CD1E74A1EF003FB44B /* Main.storyboard in Resources */,
				3EE7C7DE1E74A6FB003FB44B /* ConsoleCell.xib in Resources */,
			);
			runOnlyForDeploymentPostprocessing = 0;
		};
/* End PBXResourcesBuildPhase section */

/* Begin PBXSourcesBuildPhase section */
		3EE7C7C01E74A1EF003FB44B /* Sources */ = {
			isa = PBXSourcesBuildPhase;
			buildActionMask = 2147483647;
			files = (
				3EE7C7DA1E74A590003FB44B /* HeaderFooterView.swift in Sources */,
				3EE7C7CA1E74A1EF003FB44B /* ViewController.swift in Sources */,
				3EE7C7C81E74A1EF003FB44B /* AppDelegate.swift in Sources */,
				3EE7C7DD1E74A6FB003FB44B /* ConsoleCell.swift in Sources */,
			);
			runOnlyForDeploymentPostprocessing = 0;
		};
/* End PBXSourcesBuildPhase section */

/* Begin PBXVariantGroup section */
		3EE7C7CB1E74A1EF003FB44B /* Main.storyboard */ = {
			isa = PBXVariantGroup;
			children = (
				3EE7C7CC1E74A1EF003FB44B /* Base */,
			);
			name = Main.storyboard;
			sourceTree = "<group>";
		};
		3EE7C7D01E74A1EF003FB44B /* LaunchScreen.storyboard */ = {
			isa = PBXVariantGroup;
			children = (
				3EE7C7D11E74A1EF003FB44B /* Base */,
			);
			name = LaunchScreen.storyboard;
			sourceTree = "<group>";
		};
/* End PBXVariantGroup section */

/* Begin XCBuildConfiguration section */
		3EE7C7D41E74A1EF003FB44B /* Debug */ = {
			isa = XCBuildConfiguration;
			buildSettings = {
				ALWAYS_SEARCH_USER_PATHS = NO;
				CLANG_ANALYZER_NONNULL = YES;
				CLANG_CXX_LANGUAGE_STANDARD = "gnu++0x";
				CLANG_CXX_LIBRARY = "libc++";
				CLANG_ENABLE_MODULES = YES;
				CLANG_ENABLE_OBJC_ARC = YES;
				CLANG_WARN_BOOL_CONVERSION = YES;
				CLANG_WARN_CONSTANT_CONVERSION = YES;
				CLANG_WARN_DIRECT_OBJC_ISA_USAGE = YES_ERROR;
				CLANG_WARN_DOCUMENTATION_COMMENTS = YES;
				CLANG_WARN_EMPTY_BODY = YES;
				CLANG_WARN_ENUM_CONVERSION = YES;
				CLANG_WARN_INFINITE_RECURSION = YES;
				CLANG_WARN_INT_CONVERSION = YES;
				CLANG_WARN_OBJC_ROOT_CLASS = YES_ERROR;
				CLANG_WARN_SUSPICIOUS_MOVE = YES;
				CLANG_WARN_UNREACHABLE_CODE = YES;
				CLANG_WARN__DUPLICATE_METHOD_MATCH = YES;
				"CODE_SIGN_IDENTITY[sdk=iphoneos*]" = "iPhone Developer";
				COPY_PHASE_STRIP = NO;
				DEBUG_INFORMATION_FORMAT = dwarf;
				ENABLE_STRICT_OBJC_MSGSEND = YES;
				ENABLE_TESTABILITY = YES;
				GCC_C_LANGUAGE_STANDARD = gnu99;
				GCC_DYNAMIC_NO_PIC = NO;
				GCC_NO_COMMON_BLOCKS = YES;
				GCC_OPTIMIZATION_LEVEL = 0;
				GCC_PREPROCESSOR_DEFINITIONS = (
					"DEBUG=1",
					"$(inherited)",
				);
				GCC_WARN_64_TO_32_BIT_CONVERSION = YES;
				GCC_WARN_ABOUT_RETURN_TYPE = YES_ERROR;
				GCC_WARN_UNDECLARED_SELECTOR = YES;
				GCC_WARN_UNINITIALIZED_AUTOS = YES_AGGRESSIVE;
				GCC_WARN_UNUSED_FUNCTION = YES;
				GCC_WARN_UNUSED_VARIABLE = YES;
				IPHONEOS_DEPLOYMENT_TARGET = 10.2;
				MTL_ENABLE_DEBUG_INFO = YES;
				ONLY_ACTIVE_ARCH = YES;
				SDKROOT = iphoneos;
				SWIFT_ACTIVE_COMPILATION_CONDITIONS = DEBUG;
				SWIFT_OPTIMIZATION_LEVEL = "-Onone";
			};
			name = Debug;
		};
		3EE7C7D51E74A1EF003FB44B /* Release */ = {
			isa = XCBuildConfiguration;
			buildSettings = {
				ALWAYS_SEARCH_USER_PATHS = NO;
				CLANG_ANALYZER_NONNULL = YES;
				CLANG_CXX_LANGUAGE_STANDARD = "gnu++0x";
				CLANG_CXX_LIBRARY = "libc++";
				CLANG_ENABLE_MODULES = YES;
				CLANG_ENABLE_OBJC_ARC = YES;
				CLANG_WARN_BOOL_CONVERSION = YES;
				CLANG_WARN_CONSTANT_CONVERSION = YES;
				CLANG_WARN_DIRECT_OBJC_ISA_USAGE = YES_ERROR;
				CLANG_WARN_DOCUMENTATION_COMMENTS = YES;
				CLANG_WARN_EMPTY_BODY = YES;
				CLANG_WARN_ENUM_CONVERSION = YES;
				CLANG_WARN_INFINITE_RECURSION = YES;
				CLANG_WARN_INT_CONVERSION = YES;
				CLANG_WARN_OBJC_ROOT_CLASS = YES_ERROR;
				CLANG_WARN_SUSPICIOUS_MOVE = YES;
				CLANG_WARN_UNREACHABLE_CODE = YES;
				CLANG_WARN__DUPLICATE_METHOD_MATCH = YES;
				"CODE_SIGN_IDENTITY[sdk=iphoneos*]" = "iPhone Developer";
				COPY_PHASE_STRIP = NO;
				DEBUG_INFORMATION_FORMAT = "dwarf-with-dsym";
				ENABLE_NS_ASSERTIONS = NO;
				ENABLE_STRICT_OBJC_MSGSEND = YES;
				GCC_C_LANGUAGE_STANDARD = gnu99;
				GCC_NO_COMMON_BLOCKS = YES;
				GCC_WARN_64_TO_32_BIT_CONVERSION = YES;
				GCC_WARN_ABOUT_RETURN_TYPE = YES_ERROR;
				GCC_WARN_UNDECLARED_SELECTOR = YES;
				GCC_WARN_UNINITIALIZED_AUTOS = YES_AGGRESSIVE;
				GCC_WARN_UNUSED_FUNCTION = YES;
				GCC_WARN_UNUSED_VARIABLE = YES;
				IPHONEOS_DEPLOYMENT_TARGET = 10.2;
				MTL_ENABLE_DEBUG_INFO = NO;
				SDKROOT = iphoneos;
				SWIFT_OPTIMIZATION_LEVEL = "-Owholemodule";
				VALIDATE_PRODUCT = YES;
			};
			name = Release;
		};
		3EE7C7D71E74A1EF003FB44B /* Debug */ = {
			isa = XCBuildConfiguration;
			buildSettings = {
				ASSETCATALOG_COMPILER_APPICON_NAME = AppIcon;
				INFOPLIST_FILE = Consoles/Info.plist;
				LD_RUNPATH_SEARCH_PATHS = "$(inherited) @executable_path/Frameworks";
				PRODUCT_BUNDLE_IDENTIFIER = com.nextu.iosdevelopers.Consoles;
				PRODUCT_NAME = "$(TARGET_NAME)";
				SWIFT_VERSION = 3.0;
			};
			name = Debug;
		};
		3EE7C7D81E74A1EF003FB44B /* Release */ = {
			isa = XCBuildConfiguration;
			buildSettings = {
				ASSETCATALOG_COMPILER_APPICON_NAME = AppIcon;
				INFOPLIST_FILE = Consoles/Info.plist;
				LD_RUNPATH_SEARCH_PATHS = "$(inherited) @executable_path/Frameworks";
				PRODUCT_BUNDLE_IDENTIFIER = com.nextu.iosdevelopers.Consoles;
				PRODUCT_NAME = "$(TARGET_NAME)";
				SWIFT_VERSION = 3.0;
			};
			name = Release;
		};
/* End XCBuildConfiguration section */

/* Begin XCConfigurationList section */
		3EE7C7BF1E74A1EF003FB44B /* Build configuration list for PBXProject "Consoles" */ = {
			isa = XCConfigurationList;
			buildConfigurations = (
				3EE7C7D41E74A1EF003FB44B /* Debug */,
				3EE7C7D51E74A1EF003FB44B /* Release */,
			);
			defaultConfigurationIsVisible = 0;
			defaultConfigurationName = Release;
		};
		3EE7C7D61E74A1EF003FB44B /* Build configuration list for PBXNativeTarget "Consoles" */ = {
			isa = XCConfigurationList;
			buildConfigurations = (
				3EE7C7D71E74A1EF003FB44B /* Debug */,
				3EE7C7D81E74A1EF003FB44B /* Release */,
			);
			defaultConfigurationIsVisible = 0;
		};
/* End XCConfigurationList section */
	};
	rootObject = 3EE7C7BC1E74A1EF003FB44B /* Project object */;
}
